
Microsoft Visual Studio Solution File, Format Version 12.00
# Visual Studio Version 17
VisualStudioVersion = 17.0.31903.59
MinimumVisualStudioVersion = 10.0.40219.1
Project("{FAE04EC0-301F-11D3-BF4B-00C04F79EFBC}") = "day01", "day01\day01.csproj", "{A84F5DDD-02BB-4092-B51F-DF17EEF66CF3}"
EndProject
Project("{2150E333-8FDC-42A3-9474-1A3956D46DE8}") = "tests", "tests", "{33557BD1-9B05-4BB6-8FF1-0FEA5A7A6763}"
EndProject
Project("{FAE04EC0-301F-11D3-BF4B-00C04F79EFBC}") = "day01tests", "tests\day01tests\day01tests.csproj", "{C79EE840-AA22-43E9-A68B-301ADD54CE5B}"
EndProject
Global
	GlobalSection(SolutionConfigurationPlatforms) = preSolution
		Debug|Any CPU = Debug|Any CPU
		Release|Any CPU = Release|Any CPU
	EndGlobalSection
	GlobalSection(SolutionProperties) = preSolution
		HideSolutionNode = FALSE
	EndGlobalSection
	GlobalSection(ProjectConfigurationPlatforms) = postSolution
		{A84F5DDD-02BB-4092-B51F-DF17EEF66CF3}.Debug|Any CPU.ActiveCfg = Debug|Any CPU
		{A84F5DDD-02BB-4092-B51F-DF17EEF66CF3}.Debug|Any CPU.Build.0 = Debug|Any CPU
		{A84F5DDD-02BB-4092-B51F-DF17EEF66CF3}.Release|Any CPU.ActiveCfg = Release|Any CPU
		{A84F5DDD-02BB-4092-B51F-DF17EEF66CF3}.Release|Any CPU.Build.0 = Release|Any CPU
		{C79EE840-AA22-43E9-A68B-301ADD54CE5B}.Debug|Any CPU.ActiveCfg = Debug|Any CPU
		{C79EE840-AA22-43E9-A68B-301ADD54CE5B}.Debug|Any CPU.Build.0 = Debug|Any CPU
		{C79EE840-AA22-43E9-A68B-301ADD54CE5B}.Release|Any CPU.ActiveCfg = Release|Any CPU
		{C79EE840-AA22-43E9-A68B-301ADD54CE5B}.Release|Any CPU.Build.0 = Release|Any CPU
	EndGlobalSection
	GlobalSection(NestedProjects) = preSolution
		{C79EE840-AA22-43E9-A68B-301ADD54CE5B} = {33557BD1-9B05-4BB6-8FF1-0FEA5A7A6763}
	EndGlobalSection
EndGlobal
