
Microsoft Visual Studio Solution File, Format Version 12.00
# Visual Studio Version 17
VisualStudioVersion = 17.0.31903.59
MinimumVisualStudioVersion = 10.0.40219.1
Project("{FAE04EC0-301F-11D3-BF4B-00C04F79EFBC}") = "day01", "day01\day01.csproj", "{A84F5DDD-02BB-4092-B51F-DF17EEF66CF3}"
EndProject
Project("{2150E333-8FDC-42A3-9474-1A3956D46DE8}") = "tests", "tests", "{33557BD1-9B05-4BB6-8FF1-0FEA5A7A6763}"
EndProject
Project("{FAE04EC0-301F-11D3-BF4B-00C04F79EFBC}") = "day01tests", "tests\day01tests\day01tests.csproj", "{C79EE840-AA22-43E9-A68B-301ADD54CE5B}"
EndProject
Project("{FAE04EC0-301F-11D3-BF4B-00C04F79EFBC}") = "day02", "day02\day02.csproj", "{0A9068C2-B294-44B9-A3BF-8308D6867D89}"
EndProject
Project("{FAE04EC0-301F-11D3-BF4B-00C04F79EFBC}") = "day02tests", "tests\day02tests\day02tests.csproj", "{18376CCF-86F1-4075-918E-D0BAA9EA4CEA}"
EndProject
Project("{FAE04EC0-301F-11D3-BF4B-00C04F79EFBC}") = "day03", "day03\day03.csproj", "{664F1118-CC4C-45C0-95CF-4202F7F46CE5}"
EndProject
Project("{FAE04EC0-301F-11D3-BF4B-00C04F79EFBC}") = "day03tests", "tests\day03tests\day03tests.csproj", "{A38D0A04-2D19-4EA9-A303-477ED1A76835}"
EndProject
Project("{FAE04EC0-301F-11D3-BF4B-00C04F79EFBC}") = "day04", "day04\day04.csproj", "{31EF3A7C-0711-4F68-AF9A-9C6DDF63C18B}"
EndProject
Project("{FAE04EC0-301F-11D3-BF4B-00C04F79EFBC}") = "day04tests", "tests\day04tests\day04tests.csproj", "{FF5AC7D7-D7AC-4449-B5E4-9B77423C54B0}"
EndProject
Project("{FAE04EC0-301F-11D3-BF4B-00C04F79EFBC}") = "day05", "day05\day05.csproj", "{8D7A23D5-7C20-401A-A3CB-B529459876E0}"
EndProject
Project("{FAE04EC0-301F-11D3-BF4B-00C04F79EFBC}") = "day05tests", "tests\day05tests\day05tests.csproj", "{B566765E-30A2-4FEF-BC1F-79230AFB934D}"
EndProject
Project("{FAE04EC0-301F-11D3-BF4B-00C04F79EFBC}") = "day06", "day06\day06.csproj", "{0DAE1E45-7E13-4BB2-9AEA-3DFA98F71DE8}"
EndProject
Project("{FAE04EC0-301F-11D3-BF4B-00C04F79EFBC}") = "day06tests", "tests\day06tests\day06tests.csproj", "{656A80C8-85AD-46AE-B7BF-D0865BA9D669}"
EndProject
Project("{FAE04EC0-301F-11D3-BF4B-00C04F79EFBC}") = "day07", "day07\day07.csproj", "{3D39FAEB-1FF0-4871-B65B-B9A14BE0C2EA}"
EndProject
Project("{FAE04EC0-301F-11D3-BF4B-00C04F79EFBC}") = "day07tests", "tests\day07tests\day07tests.csproj", "{46CAC1EE-3FFA-44F6-91DB-756F52EE206C}"
EndProject
Global
	GlobalSection(SolutionConfigurationPlatforms) = preSolution
		Debug|Any CPU = Debug|Any CPU
		Release|Any CPU = Release|Any CPU
	EndGlobalSection
	GlobalSection(SolutionProperties) = preSolution
		HideSolutionNode = FALSE
	EndGlobalSection
	GlobalSection(ProjectConfigurationPlatforms) = postSolution
		{A84F5DDD-02BB-4092-B51F-DF17EEF66CF3}.Debug|Any CPU.ActiveCfg = Debug|Any CPU
		{A84F5DDD-02BB-4092-B51F-DF17EEF66CF3}.Debug|Any CPU.Build.0 = Debug|Any CPU
		{A84F5DDD-02BB-4092-B51F-DF17EEF66CF3}.Release|Any CPU.ActiveCfg = Release|Any CPU
		{A84F5DDD-02BB-4092-B51F-DF17EEF66CF3}.Release|Any CPU.Build.0 = Release|Any CPU
		{C79EE840-AA22-43E9-A68B-301ADD54CE5B}.Debug|Any CPU.ActiveCfg = Debug|Any CPU
		{C79EE840-AA22-43E9-A68B-301ADD54CE5B}.Debug|Any CPU.Build.0 = Debug|Any CPU
		{C79EE840-AA22-43E9-A68B-301ADD54CE5B}.Release|Any CPU.ActiveCfg = Release|Any CPU
		{C79EE840-AA22-43E9-A68B-301ADD54CE5B}.Release|Any CPU.Build.0 = Release|Any CPU
		{0A9068C2-B294-44B9-A3BF-8308D6867D89}.Debug|Any CPU.ActiveCfg = Debug|Any CPU
		{0A9068C2-B294-44B9-A3BF-8308D6867D89}.Debug|Any CPU.Build.0 = Debug|Any CPU
		{0A9068C2-B294-44B9-A3BF-8308D6867D89}.Release|Any CPU.ActiveCfg = Release|Any CPU
		{0A9068C2-B294-44B9-A3BF-8308D6867D89}.Release|Any CPU.Build.0 = Release|Any CPU
		{18376CCF-86F1-4075-918E-D0BAA9EA4CEA}.Debug|Any CPU.ActiveCfg = Debug|Any CPU
		{18376CCF-86F1-4075-918E-D0BAA9EA4CEA}.Debug|Any CPU.Build.0 = Debug|Any CPU
		{18376CCF-86F1-4075-918E-D0BAA9EA4CEA}.Release|Any CPU.ActiveCfg = Release|Any CPU
		{18376CCF-86F1-4075-918E-D0BAA9EA4CEA}.Release|Any CPU.Build.0 = Release|Any CPU
		{664F1118-CC4C-45C0-95CF-4202F7F46CE5}.Debug|Any CPU.ActiveCfg = Debug|Any CPU
		{664F1118-CC4C-45C0-95CF-4202F7F46CE5}.Debug|Any CPU.Build.0 = Debug|Any CPU
		{664F1118-CC4C-45C0-95CF-4202F7F46CE5}.Release|Any CPU.ActiveCfg = Release|Any CPU
		{664F1118-CC4C-45C0-95CF-4202F7F46CE5}.Release|Any CPU.Build.0 = Release|Any CPU
		{A38D0A04-2D19-4EA9-A303-477ED1A76835}.Debug|Any CPU.ActiveCfg = Debug|Any CPU
		{A38D0A04-2D19-4EA9-A303-477ED1A76835}.Debug|Any CPU.Build.0 = Debug|Any CPU
		{A38D0A04-2D19-4EA9-A303-477ED1A76835}.Release|Any CPU.ActiveCfg = Release|Any CPU
		{A38D0A04-2D19-4EA9-A303-477ED1A76835}.Release|Any CPU.Build.0 = Release|Any CPU
		{31EF3A7C-0711-4F68-AF9A-9C6DDF63C18B}.Debug|Any CPU.ActiveCfg = Debug|Any CPU
		{31EF3A7C-0711-4F68-AF9A-9C6DDF63C18B}.Debug|Any CPU.Build.0 = Debug|Any CPU
		{31EF3A7C-0711-4F68-AF9A-9C6DDF63C18B}.Release|Any CPU.ActiveCfg = Release|Any CPU
		{31EF3A7C-0711-4F68-AF9A-9C6DDF63C18B}.Release|Any CPU.Build.0 = Release|Any CPU
		{FF5AC7D7-D7AC-4449-B5E4-9B77423C54B0}.Debug|Any CPU.ActiveCfg = Debug|Any CPU
		{FF5AC7D7-D7AC-4449-B5E4-9B77423C54B0}.Debug|Any CPU.Build.0 = Debug|Any CPU
		{FF5AC7D7-D7AC-4449-B5E4-9B77423C54B0}.Release|Any CPU.ActiveCfg = Release|Any CPU
		{FF5AC7D7-D7AC-4449-B5E4-9B77423C54B0}.Release|Any CPU.Build.0 = Release|Any CPU
		{8D7A23D5-7C20-401A-A3CB-B529459876E0}.Debug|Any CPU.ActiveCfg = Debug|Any CPU
		{8D7A23D5-7C20-401A-A3CB-B529459876E0}.Debug|Any CPU.Build.0 = Debug|Any CPU
		{8D7A23D5-7C20-401A-A3CB-B529459876E0}.Release|Any CPU.ActiveCfg = Release|Any CPU
		{8D7A23D5-7C20-401A-A3CB-B529459876E0}.Release|Any CPU.Build.0 = Release|Any CPU
		{B566765E-30A2-4FEF-BC1F-79230AFB934D}.Debug|Any CPU.ActiveCfg = Debug|Any CPU
		{B566765E-30A2-4FEF-BC1F-79230AFB934D}.Debug|Any CPU.Build.0 = Debug|Any CPU
		{B566765E-30A2-4FEF-BC1F-79230AFB934D}.Release|Any CPU.ActiveCfg = Release|Any CPU
		{B566765E-30A2-4FEF-BC1F-79230AFB934D}.Release|Any CPU.Build.0 = Release|Any CPU
		{0DAE1E45-7E13-4BB2-9AEA-3DFA98F71DE8}.Debug|Any CPU.ActiveCfg = Debug|Any CPU
		{0DAE1E45-7E13-4BB2-9AEA-3DFA98F71DE8}.Debug|Any CPU.Build.0 = Debug|Any CPU
		{0DAE1E45-7E13-4BB2-9AEA-3DFA98F71DE8}.Release|Any CPU.ActiveCfg = Release|Any CPU
		{0DAE1E45-7E13-4BB2-9AEA-3DFA98F71DE8}.Release|Any CPU.Build.0 = Release|Any CPU
		{656A80C8-85AD-46AE-B7BF-D0865BA9D669}.Debug|Any CPU.ActiveCfg = Debug|Any CPU
		{656A80C8-85AD-46AE-B7BF-D0865BA9D669}.Debug|Any CPU.Build.0 = Debug|Any CPU
		{656A80C8-85AD-46AE-B7BF-D0865BA9D669}.Release|Any CPU.ActiveCfg = Release|Any CPU
		{656A80C8-85AD-46AE-B7BF-D0865BA9D669}.Release|Any CPU.Build.0 = Release|Any CPU
		{3D39FAEB-1FF0-4871-B65B-B9A14BE0C2EA}.Debug|Any CPU.ActiveCfg = Debug|Any CPU
		{3D39FAEB-1FF0-4871-B65B-B9A14BE0C2EA}.Debug|Any CPU.Build.0 = Debug|Any CPU
		{3D39FAEB-1FF0-4871-B65B-B9A14BE0C2EA}.Release|Any CPU.ActiveCfg = Release|Any CPU
		{3D39FAEB-1FF0-4871-B65B-B9A14BE0C2EA}.Release|Any CPU.Build.0 = Release|Any CPU
		{46CAC1EE-3FFA-44F6-91DB-756F52EE206C}.Debug|Any CPU.ActiveCfg = Debug|Any CPU
		{46CAC1EE-3FFA-44F6-91DB-756F52EE206C}.Debug|Any CPU.Build.0 = Debug|Any CPU
		{46CAC1EE-3FFA-44F6-91DB-756F52EE206C}.Release|Any CPU.ActiveCfg = Release|Any CPU
		{46CAC1EE-3FFA-44F6-91DB-756F52EE206C}.Release|Any CPU.Build.0 = Release|Any CPU
	EndGlobalSection
	GlobalSection(NestedProjects) = preSolution
		{C79EE840-AA22-43E9-A68B-301ADD54CE5B} = {33557BD1-9B05-4BB6-8FF1-0FEA5A7A6763}
		{18376CCF-86F1-4075-918E-D0BAA9EA4CEA} = {33557BD1-9B05-4BB6-8FF1-0FEA5A7A6763}
		{A38D0A04-2D19-4EA9-A303-477ED1A76835} = {33557BD1-9B05-4BB6-8FF1-0FEA5A7A6763}
		{FF5AC7D7-D7AC-4449-B5E4-9B77423C54B0} = {33557BD1-9B05-4BB6-8FF1-0FEA5A7A6763}
		{B566765E-30A2-4FEF-BC1F-79230AFB934D} = {33557BD1-9B05-4BB6-8FF1-0FEA5A7A6763}
		{656A80C8-85AD-46AE-B7BF-D0865BA9D669} = {33557BD1-9B05-4BB6-8FF1-0FEA5A7A6763}
		{46CAC1EE-3FFA-44F6-91DB-756F52EE206C} = {33557BD1-9B05-4BB6-8FF1-0FEA5A7A6763}
	EndGlobalSection
EndGlobal
